// !$*UTF8*$!
{
	archiveVersion = 1;
	classes = {
	};
	objectVersion = 51;
	objects = {

/* Begin PBXBuildFile section */
		0568230C6EFD1CDC205CEE46 /* Pods_ARQUI_Hardcopi.framework in Frameworks */ = {isa = PBXBuildFile; fileRef = 993C0DA99A5DA6F4506BB33C /* Pods_ARQUI_Hardcopi.framework */; };
		0B299D1D26531DF7005A2B77 /* AppDelegate.swift in Sources */ = {isa = PBXBuildFile; fileRef = 0B299D1C26531DF7005A2B77 /* AppDelegate.swift */; };
		0B299D1F26531DF7005A2B77 /* SceneDelegate.swift in Sources */ = {isa = PBXBuildFile; fileRef = 0B299D1E26531DF7005A2B77 /* SceneDelegate.swift */; };
		0B299D2126531DF7005A2B77 /* ViewController.swift in Sources */ = {isa = PBXBuildFile; fileRef = 0B299D2026531DF7005A2B77 /* ViewController.swift */; };
		0B299D2626531DFC005A2B77 /* Assets.xcassets in Resources */ = {isa = PBXBuildFile; fileRef = 0B299D2526531DFC005A2B77 /* Assets.xcassets */; };
		0B299D2926531DFC005A2B77 /* LaunchScreen.storyboard in Resources */ = {isa = PBXBuildFile; fileRef = 0B299D2726531DFC005A2B77 /* LaunchScreen.storyboard */; };
		0F0C8D31267212BD0067BF33 /* Main.storyboard in Resources */ = {isa = PBXBuildFile; fileRef = 0F0C8D2F267212540067BF33 /* Main.storyboard */; };
		0F272FB82654540F00FC23DB /* Barlow-SemiBold.ttf in Resources */ = {isa = PBXBuildFile; fileRef = 0F272FA62654540E00FC23DB /* Barlow-SemiBold.ttf */; };
		0F272FC12654540F00FC23DB /* Barlow-Medium.ttf in Resources */ = {isa = PBXBuildFile; fileRef = 0F272FAF2654540F00FC23DB /* Barlow-Medium.ttf */; };
		0F272FC92654540F00FC23DB /* Barlow-Regular.ttf in Resources */ = {isa = PBXBuildFile; fileRef = 0F272FB72654540F00FC23DB /* Barlow-Regular.ttf */; };
		0F61E6A326562CB60024011D /* hardcopi.jpeg in Resources */ = {isa = PBXBuildFile; fileRef = 0F61E6A226562CB60024011D /* hardcopi.jpeg */; };
		0F61E6AA26562EA00024011D /* Screen Shot 2021-05-19 at 22.43.42.png in Resources */ = {isa = PBXBuildFile; fileRef = 0F61E6A926562EA00024011D /* Screen Shot 2021-05-19 at 22.43.42.png */; };
		0F61E6AD2656337A0024011D /* VCSignUp.swift in Sources */ = {isa = PBXBuildFile; fileRef = 0F61E6AC2656337A0024011D /* VCSignUp.swift */; };
		0F61E6BA26563BD80024011D /* VCAddBooko.swift in Sources */ = {isa = PBXBuildFile; fileRef = 0F61E6B926563BD80024011D /* VCAddBooko.swift */; };
		0F61E6BD26563F440024011D /* VCAddBook.swift in Sources */ = {isa = PBXBuildFile; fileRef = 0F61E6BC26563F440024011D /* VCAddBook.swift */; };
		0FA86EE62656435E00F0D04B /* BookTableViewCell.swift in Sources */ = {isa = PBXBuildFile; fileRef = 0FA86EE52656435E00F0D04B /* BookTableViewCell.swift */; };
		0FA86EE92656446100F0D04B /* FeedTableViewController.swift in Sources */ = {isa = PBXBuildFile; fileRef = 0FA86EE82656446100F0D04B /* FeedTableViewController.swift */; };
		0FA86EEE265648EE00F0D04B /* Barlow-Bold.ttf in Resources */ = {isa = PBXBuildFile; fileRef = 0FA86EED265648EE00F0D04B /* Barlow-Bold.ttf */; };
		0FA86EF126564A7B00F0D04B /* Barlow-Black.ttf in Resources */ = {isa = PBXBuildFile; fileRef = 0FA86EF026564A7B00F0D04B /* Barlow-Black.ttf */; };
		0FA86EF426564B0700F0D04B /* Barlow-Black.ttf in Resources */ = {isa = PBXBuildFile; fileRef = 0FA86EF326564B0700F0D04B /* Barlow-Black.ttf */; };
		0FA86EF7265650DD00F0D04B /* NavigationC.swift in Sources */ = {isa = PBXBuildFile; fileRef = 0FA86EF6265650DD00F0D04B /* NavigationC.swift */; };
		0FD7682326545CA800244C50 /* Barlow-Light.ttf in Resources */ = {isa = PBXBuildFile; fileRef = 0FD7682526545CA800244C50 /* Barlow-Light.ttf */; };
		0FD8A5382672066F00755021 /* TableCellController.swift in Sources */ = {isa = PBXBuildFile; fileRef = 0FD8A5372672066F00755021 /* TableCellController.swift */; };
		0FD8A53B267206CC00755021 /* CellControllerFactory.swift in Sources */ = {isa = PBXBuildFile; fileRef = 0FD8A53A267206CC00755021 /* CellControllerFactory.swift */; };
		0FD8A53F2672080100755021 /* BookTableCellController.swift in Sources */ = {isa = PBXBuildFile; fileRef = 0FD8A53E2672080100755021 /* BookTableCellController.swift */; };
		0FD8A55326720F6900755021 /* GoogleService-Info.plist in Resources */ = {isa = PBXBuildFile; fileRef = 0B299D45265321C9005A2B77 /* GoogleService-Info.plist */; };
		3C91E9982671B4070011282C /* NavigationR.swift in Sources */ = {isa = PBXBuildFile; fileRef = 3C91E9972671B4070011282C /* NavigationR.swift */; };
		3C91E99C2671C1850011282C /* RequestTableViewCell.swift in Sources */ = {isa = PBXBuildFile; fileRef = 3C91E99B2671C1850011282C /* RequestTableViewCell.swift */; };
		3C91E99E2671DFDA0011282C /* NavigationA.swift in Sources */ = {isa = PBXBuildFile; fileRef = 3C91E99D2671DFDA0011282C /* NavigationA.swift */; };
		3C91E9A02671E45D0011282C /* ReplyTableViewController.swift in Sources */ = {isa = PBXBuildFile; fileRef = 3C91E99F2671E45D0011282C /* ReplyTableViewController.swift */; };
		3CA9734E265B4D21002770E7 /* Comfortaa-Bold.ttf in Resources */ = {isa = PBXBuildFile; fileRef = 3CA9734D265B4D21002770E7 /* Comfortaa-Bold.ttf */; };
/* End PBXBuildFile section */

/* Begin PBXFileReference section */
		0B299D1926531DF7005A2B77 /* ARQUI_Hardcopi.app */ = {isa = PBXFileReference; explicitFileType = wrapper.application; includeInIndex = 0; path = ARQUI_Hardcopi.app; sourceTree = BUILT_PRODUCTS_DIR; };
		0B299D1C26531DF7005A2B77 /* AppDelegate.swift */ = {isa = PBXFileReference; lastKnownFileType = sourcecode.swift; path = AppDelegate.swift; sourceTree = "<group>"; };
		0B299D1E26531DF7005A2B77 /* SceneDelegate.swift */ = {isa = PBXFileReference; lastKnownFileType = sourcecode.swift; path = SceneDelegate.swift; sourceTree = "<group>"; };
		0B299D2026531DF7005A2B77 /* ViewController.swift */ = {isa = PBXFileReference; lastKnownFileType = sourcecode.swift; path = ViewController.swift; sourceTree = "<group>"; };
		0B299D2526531DFC005A2B77 /* Assets.xcassets */ = {isa = PBXFileReference; lastKnownFileType = folder.assetcatalog; path = Assets.xcassets; sourceTree = "<group>"; };
		0B299D2826531DFC005A2B77 /* Base */ = {isa = PBXFileReference; lastKnownFileType = file.storyboard; name = Base; path = Base.lproj/LaunchScreen.storyboard; sourceTree = "<group>"; };
		0B299D2A26531DFC005A2B77 /* Info.plist */ = {isa = PBXFileReference; lastKnownFileType = text.plist.xml; path = Info.plist; sourceTree = "<group>"; };
		0B299D45265321C9005A2B77 /* GoogleService-Info.plist */ = {isa = PBXFileReference; fileEncoding = 4; lastKnownFileType = text.plist.xml; path = "GoogleService-Info.plist"; sourceTree = "<group>"; };
		0F0C8D2F267212540067BF33 /* Main.storyboard */ = {isa = PBXFileReference; fileEncoding = 4; lastKnownFileType = file.storyboard; path = Main.storyboard; sourceTree = "<group>"; };
		0F272FA62654540E00FC23DB /* Barlow-SemiBold.ttf */ = {isa = PBXFileReference; lastKnownFileType = file; path = "Barlow-SemiBold.ttf"; sourceTree = "<group>"; };
		0F272FAF2654540F00FC23DB /* Barlow-Medium.ttf */ = {isa = PBXFileReference; lastKnownFileType = file; path = "Barlow-Medium.ttf"; sourceTree = "<group>"; };
		0F272FB72654540F00FC23DB /* Barlow-Regular.ttf */ = {isa = PBXFileReference; lastKnownFileType = file; path = "Barlow-Regular.ttf"; sourceTree = "<group>"; };
		0F61E6A226562CB60024011D /* hardcopi.jpeg */ = {isa = PBXFileReference; lastKnownFileType = image.jpeg; path = hardcopi.jpeg; sourceTree = "<group>"; };
		0F61E6A926562EA00024011D /* Screen Shot 2021-05-19 at 22.43.42.png */ = {isa = PBXFileReference; lastKnownFileType = image.png; path = "Screen Shot 2021-05-19 at 22.43.42.png"; sourceTree = "<group>"; };
		0F61E6AC2656337A0024011D /* VCSignUp.swift */ = {isa = PBXFileReference; lastKnownFileType = sourcecode.swift; path = VCSignUp.swift; sourceTree = "<group>"; };
		0F61E6B926563BD80024011D /* VCAddBooko.swift */ = {isa = PBXFileReference; lastKnownFileType = sourcecode.swift; path = VCAddBooko.swift; sourceTree = "<group>"; };
		0F61E6BC26563F440024011D /* VCAddBook.swift */ = {isa = PBXFileReference; lastKnownFileType = sourcecode.swift; path = VCAddBook.swift; sourceTree = "<group>"; };
		0FA86EE52656435E00F0D04B /* BookTableViewCell.swift */ = {isa = PBXFileReference; lastKnownFileType = sourcecode.swift; path = BookTableViewCell.swift; sourceTree = "<group>"; };
		0FA86EE82656446100F0D04B /* FeedTableViewController.swift */ = {isa = PBXFileReference; lastKnownFileType = sourcecode.swift; path = FeedTableViewController.swift; sourceTree = "<group>"; };
		0FA86EED265648EE00F0D04B /* Barlow-Bold.ttf */ = {isa = PBXFileReference; lastKnownFileType = file; path = "Barlow-Bold.ttf"; sourceTree = "<group>"; };
		0FA86EF026564A7B00F0D04B /* Barlow-Black.ttf */ = {isa = PBXFileReference; lastKnownFileType = file; path = "Barlow-Black.ttf"; sourceTree = "<group>"; };
		0FA86EF326564B0700F0D04B /* Barlow-Black.ttf */ = {isa = PBXFileReference; lastKnownFileType = file; name = "Barlow-Black.ttf"; path = "Assets/Barlow-Black.ttf"; sourceTree = "<group>"; };
		0FA86EF6265650DD00F0D04B /* NavigationC.swift */ = {isa = PBXFileReference; lastKnownFileType = sourcecode.swift; path = NavigationC.swift; sourceTree = "<group>"; };
		0FD7682426545CA800244C50 /* Base */ = {isa = PBXFileReference; lastKnownFileType = file; name = Base; path = "Base.lproj/Barlow-Light.ttf"; sourceTree = "<group>"; };
		0FD8A5372672066F00755021 /* TableCellController.swift */ = {isa = PBXFileReference; lastKnownFileType = sourcecode.swift; path = TableCellController.swift; sourceTree = "<group>"; };
		0FD8A53A267206CC00755021 /* CellControllerFactory.swift */ = {isa = PBXFileReference; lastKnownFileType = sourcecode.swift; path = CellControllerFactory.swift; sourceTree = "<group>"; };
		0FD8A53E2672080100755021 /* BookTableCellController.swift */ = {isa = PBXFileReference; lastKnownFileType = sourcecode.swift; path = BookTableCellController.swift; sourceTree = "<group>"; };
		3C91E9972671B4070011282C /* NavigationR.swift */ = {isa = PBXFileReference; lastKnownFileType = sourcecode.swift; path = NavigationR.swift; sourceTree = "<group>"; };
		3C91E9992671B5040011282C /* RequestTableViewController.swift */ = {isa = PBXFileReference; lastKnownFileType = sourcecode.swift; path = RequestTableViewController.swift; sourceTree = "<group>"; };
		3C91E99B2671C1850011282C /* RequestTableViewCell.swift */ = {isa = PBXFileReference; lastKnownFileType = sourcecode.swift; path = RequestTableViewCell.swift; sourceTree = "<group>"; };
		3C91E99D2671DFDA0011282C /* NavigationA.swift */ = {isa = PBXFileReference; lastKnownFileType = sourcecode.swift; path = NavigationA.swift; sourceTree = "<group>"; };
		3C91E99F2671E45D0011282C /* ReplyTableViewController.swift */ = {isa = PBXFileReference; lastKnownFileType = sourcecode.swift; path = ReplyTableViewController.swift; sourceTree = "<group>"; };
		3CA9734D265B4D21002770E7 /* Comfortaa-Bold.ttf */ = {isa = PBXFileReference; lastKnownFileType = file; path = "Comfortaa-Bold.ttf"; sourceTree = "<group>"; };
		993C0DA99A5DA6F4506BB33C /* Pods_ARQUI_Hardcopi.framework */ = {isa = PBXFileReference; explicitFileType = wrapper.framework; includeInIndex = 0; path = Pods_ARQUI_Hardcopi.framework; sourceTree = BUILT_PRODUCTS_DIR; };
		B80AB5BB8B67C3B547D27A45 /* Pods-ARQUI_Hardcopi.release.xcconfig */ = {isa = PBXFileReference; includeInIndex = 1; lastKnownFileType = text.xcconfig; name = "Pods-ARQUI_Hardcopi.release.xcconfig"; path = "Target Support Files/Pods-ARQUI_Hardcopi/Pods-ARQUI_Hardcopi.release.xcconfig"; sourceTree = "<group>"; };
		DBBDE8619D417BE1773B54E9 /* Pods-ARQUI_Hardcopi.debug.xcconfig */ = {isa = PBXFileReference; includeInIndex = 1; lastKnownFileType = text.xcconfig; name = "Pods-ARQUI_Hardcopi.debug.xcconfig"; path = "Target Support Files/Pods-ARQUI_Hardcopi/Pods-ARQUI_Hardcopi.debug.xcconfig"; sourceTree = "<group>"; };
/* End PBXFileReference section */

/* Begin PBXFrameworksBuildPhase section */
		0B299D1626531DF7005A2B77 /* Frameworks */ = {
			isa = PBXFrameworksBuildPhase;
			buildActionMask = 2147483647;
			files = (
				0568230C6EFD1CDC205CEE46 /* Pods_ARQUI_Hardcopi.framework in Frameworks */,
			);
			runOnlyForDeploymentPostprocessing = 0;
		};
/* End PBXFrameworksBuildPhase section */

/* Begin PBXGroup section */
		0B299D1026531DF7005A2B77 = {
			isa = PBXGroup;
			children = (
				0B299D1B26531DF7005A2B77 /* ARQUI_Hardcopi */,
				0B299D1A26531DF7005A2B77 /* Products */,
				79984E65D68E7F3C0B4AD3F6 /* Pods */,
				5789CAB6DD4A169F80E13F91 /* Frameworks */,
			);
			sourceTree = "<group>";
		};
		0B299D1A26531DF7005A2B77 /* Products */ = {
			isa = PBXGroup;
			children = (
				0B299D1926531DF7005A2B77 /* ARQUI_Hardcopi.app */,
			);
			name = Products;
			sourceTree = "<group>";
		};
		0B299D1B26531DF7005A2B77 /* ARQUI_Hardcopi */ = {
			isa = PBXGroup;
			children = (
				3CA9734D265B4D21002770E7 /* Comfortaa-Bold.ttf */,
				0F61E6A126562CAD0024011D /* Assets */,
				0FA86EF326564B0700F0D04B /* Barlow-Black.ttf */,
				0FA86EED265648EE00F0D04B /* Barlow-Bold.ttf */,
				0FD7682526545CA800244C50 /* Barlow-Light.ttf */,
				0F272FAF2654540F00FC23DB /* Barlow-Medium.ttf */,
				0F272FB72654540F00FC23DB /* Barlow-Regular.ttf */,
				0F272FA62654540E00FC23DB /* Barlow-SemiBold.ttf */,
				0F272FA5265453E400FC23DB /* fonts */,
				0B299D1C26531DF7005A2B77 /* AppDelegate.swift */,
				0B299D1E26531DF7005A2B77 /* SceneDelegate.swift */,
				0B299D2026531DF7005A2B77 /* ViewController.swift */,
				0F0C8D2F267212540067BF33 /* Main.storyboard */,
				0FA86EF6265650DD00F0D04B /* NavigationC.swift */,
				0FD8A53A267206CC00755021 /* CellControllerFactory.swift */,
				0FD8A5372672066F00755021 /* TableCellController.swift */,
				0FD8A53E2672080100755021 /* BookTableCellController.swift */,
				3C91E99F2671E45D0011282C /* ReplyTableViewController.swift */,
				0FA86EF6265650DD00F0D04B /* NavigationC.swift */,
				3C91E9972671B4070011282C /* NavigationR.swift */,
				3C91E99D2671DFDA0011282C /* NavigationA.swift */,
				0FA86EE82656446100F0D04B /* FeedTableViewController.swift */,
				3C91E9992671B5040011282C /* RequestTableViewController.swift */,
				0F61E6BC26563F440024011D /* VCAddBook.swift */,
				0FA86EE52656435E00F0D04B /* BookTableViewCell.swift */,
				3C91E99B2671C1850011282C /* RequestTableViewCell.swift */,
				0F61E6AC2656337A0024011D /* VCSignUp.swift */,
				0B299D2526531DFC005A2B77 /* Assets.xcassets */,
				0B299D2726531DFC005A2B77 /* LaunchScreen.storyboard */,
				0B299D2A26531DFC005A2B77 /* Info.plist */,
				0B299D45265321C9005A2B77 /* GoogleService-Info.plist */,
				0F61E6B926563BD80024011D /* VCAddBooko.swift */,
			);
			path = ARQUI_Hardcopi;
			sourceTree = "<group>";
		};
		0F272FA5265453E400FC23DB /* fonts */ = {
			isa = PBXGroup;
			children = (
			);
			path = fonts;
			sourceTree = "<group>";
		};
		0F61E6A126562CAD0024011D /* Assets */ = {
			isa = PBXGroup;
			children = (
				0FA86EF026564A7B00F0D04B /* Barlow-Black.ttf */,
				0F61E6A226562CB60024011D /* hardcopi.jpeg */,
				0F61E6A926562EA00024011D /* Screen Shot 2021-05-19 at 22.43.42.png */,
			);
			path = Assets;
			sourceTree = "<group>";
		};
		5789CAB6DD4A169F80E13F91 /* Frameworks */ = {
			isa = PBXGroup;
			children = (
				993C0DA99A5DA6F4506BB33C /* Pods_ARQUI_Hardcopi.framework */,
			);
			name = Frameworks;
			sourceTree = "<group>";
		};
		79984E65D68E7F3C0B4AD3F6 /* Pods */ = {
			isa = PBXGroup;
			children = (
				DBBDE8619D417BE1773B54E9 /* Pods-ARQUI_Hardcopi.debug.xcconfig */,
				B80AB5BB8B67C3B547D27A45 /* Pods-ARQUI_Hardcopi.release.xcconfig */,
			);
			path = Pods;
			sourceTree = "<group>";
		};
/* End PBXGroup section */

/* Begin PBXNativeTarget section */
		0B299D1826531DF7005A2B77 /* ARQUI_Hardcopi */ = {
			isa = PBXNativeTarget;
			buildConfigurationList = 0B299D2D26531DFC005A2B77 /* Build configuration list for PBXNativeTarget "ARQUI_Hardcopi" */;
			buildPhases = (
				59126DFA72C2FEE34D50523A /* [CP] Check Pods Manifest.lock */,
				0B299D1526531DF7005A2B77 /* Sources */,
				0B299D1626531DF7005A2B77 /* Frameworks */,
				0B299D1726531DF7005A2B77 /* Resources */,
				9149F963219BFC6F67285A4D /* [CP] Embed Pods Frameworks */,
			);
			buildRules = (
			);
			dependencies = (
			);
			name = ARQUI_Hardcopi;
			productName = ARQUI_Hardcopi;
			productReference = 0B299D1926531DF7005A2B77 /* ARQUI_Hardcopi.app */;
			productType = "com.apple.product-type.application";
		};
/* End PBXNativeTarget section */

/* Begin PBXProject section */
		0B299D1126531DF7005A2B77 /* Project object */ = {
			isa = PBXProject;
			attributes = {
				LastSwiftUpdateCheck = 1210;
				LastUpgradeCheck = 1210;
				TargetAttributes = {
					0B299D1826531DF7005A2B77 = {
						CreatedOnToolsVersion = 12.1;
					};
				};
			};
			buildConfigurationList = 0B299D1426531DF7005A2B77 /* Build configuration list for PBXProject "ARQUI_Hardcopi" */;
			compatibilityVersion = "Xcode 9.3";
			developmentRegion = en;
			hasScannedForEncodings = 0;
			knownRegions = (
				en,
				Base,
			);
			mainGroup = 0B299D1026531DF7005A2B77;
			productRefGroup = 0B299D1A26531DF7005A2B77 /* Products */;
			projectDirPath = "";
			projectRoot = "";
			targets = (
				0B299D1826531DF7005A2B77 /* ARQUI_Hardcopi */,
			);
		};
/* End PBXProject section */

/* Begin PBXResourcesBuildPhase section */
		0B299D1726531DF7005A2B77 /* Resources */ = {
			isa = PBXResourcesBuildPhase;
			buildActionMask = 2147483647;
			files = (
				0F0C8D31267212BD0067BF33 /* Main.storyboard in Resources */,
				0FD8A55326720F6900755021 /* GoogleService-Info.plist in Resources */,
				0F272FB82654540F00FC23DB /* Barlow-SemiBold.ttf in Resources */,
				0B299D2926531DFC005A2B77 /* LaunchScreen.storyboard in Resources */,
				3CA9734E265B4D21002770E7 /* Comfortaa-Bold.ttf in Resources */,
				0F272FC12654540F00FC23DB /* Barlow-Medium.ttf in Resources */,
				0F61E6AA26562EA00024011D /* Screen Shot 2021-05-19 at 22.43.42.png in Resources */,
				0F272FC92654540F00FC23DB /* Barlow-Regular.ttf in Resources */,
				0FA86EF126564A7B00F0D04B /* Barlow-Black.ttf in Resources */,
				0FD7682326545CA800244C50 /* Barlow-Light.ttf in Resources */,
				0FA86EF426564B0700F0D04B /* Barlow-Black.ttf in Resources */,
				0FA86EEE265648EE00F0D04B /* Barlow-Bold.ttf in Resources */,
				0B299D2626531DFC005A2B77 /* Assets.xcassets in Resources */,
				0F61E6A326562CB60024011D /* hardcopi.jpeg in Resources */,
			);
			runOnlyForDeploymentPostprocessing = 0;
		};
/* End PBXResourcesBuildPhase section */

/* Begin PBXShellScriptBuildPhase section */
		59126DFA72C2FEE34D50523A /* [CP] Check Pods Manifest.lock */ = {
			isa = PBXShellScriptBuildPhase;
			buildActionMask = 2147483647;
			files = (
			);
			inputFileListPaths = (
			);
			inputPaths = (
				"${PODS_PODFILE_DIR_PATH}/Podfile.lock",
				"${PODS_ROOT}/Manifest.lock",
			);
			name = "[CP] Check Pods Manifest.lock";
			outputFileListPaths = (
			);
			outputPaths = (
				"$(DERIVED_FILE_DIR)/Pods-ARQUI_Hardcopi-checkManifestLockResult.txt",
			);
			runOnlyForDeploymentPostprocessing = 0;
			shellPath = /bin/sh;
			shellScript = "diff \"${PODS_PODFILE_DIR_PATH}/Podfile.lock\" \"${PODS_ROOT}/Manifest.lock\" > /dev/null\nif [ $? != 0 ] ; then\n    # print error to STDERR\n    echo \"error: The sandbox is not in sync with the Podfile.lock. Run 'pod install' or update your CocoaPods installation.\" >&2\n    exit 1\nfi\n# This output is used by Xcode 'outputs' to avoid re-running this script phase.\necho \"SUCCESS\" > \"${SCRIPT_OUTPUT_FILE_0}\"\n";
			showEnvVarsInLog = 0;
		};
		9149F963219BFC6F67285A4D /* [CP] Embed Pods Frameworks */ = {
			isa = PBXShellScriptBuildPhase;
			buildActionMask = 2147483647;
			files = (
			);
			inputFileListPaths = (
				"${PODS_ROOT}/Target Support Files/Pods-ARQUI_Hardcopi/Pods-ARQUI_Hardcopi-frameworks-${CONFIGURATION}-input-files.xcfilelist",
			);
			name = "[CP] Embed Pods Frameworks";
			outputFileListPaths = (
				"${PODS_ROOT}/Target Support Files/Pods-ARQUI_Hardcopi/Pods-ARQUI_Hardcopi-frameworks-${CONFIGURATION}-output-files.xcfilelist",
			);
			runOnlyForDeploymentPostprocessing = 0;
			shellPath = /bin/sh;
			shellScript = "\"${PODS_ROOT}/Target Support Files/Pods-ARQUI_Hardcopi/Pods-ARQUI_Hardcopi-frameworks.sh\"\n";
			showEnvVarsInLog = 0;
		};
/* End PBXShellScriptBuildPhase section */

/* Begin PBXSourcesBuildPhase section */
		0B299D1526531DF7005A2B77 /* Sources */ = {
			isa = PBXSourcesBuildPhase;
			buildActionMask = 2147483647;
			files = (
				3C91E99A2671B5040011282C /* RequestTableViewController.swift in Sources */,
				3C91E9982671B4070011282C /* NavigationR.swift in Sources */,
				0FA86EF7265650DD00F0D04B /* NavigationC.swift in Sources */,
				0F61E6AD2656337A0024011D /* VCSignUp.swift in Sources */,
				0FD8A53B267206CC00755021 /* CellControllerFactory.swift in Sources */,
				0FD8A5382672066F00755021 /* TableCellController.swift in Sources */,
				3C91E9A02671E45D0011282C /* ReplyTableViewController.swift in Sources */,
				0B299D2126531DF7005A2B77 /* ViewController.swift in Sources */,
				3C91E99C2671C1850011282C /* RequestTableViewCell.swift in Sources */,
				0B299D1D26531DF7005A2B77 /* AppDelegate.swift in Sources */,
				0FA86EE92656446100F0D04B /* FeedTableViewController.swift in Sources */,
				0FD8A53F2672080100755021 /* BookTableCellController.swift in Sources */,
				0FA86EE62656435E00F0D04B /* BookTableViewCell.swift in Sources */,
				0F61E6BD26563F440024011D /* VCAddBook.swift in Sources */,
				0B299D1F26531DF7005A2B77 /* SceneDelegate.swift in Sources */,
				3C91E99E2671DFDA0011282C /* NavigationA.swift in Sources */,
				0F61E6BA26563BD80024011D /* VCAddBooko.swift in Sources */,
			);
			runOnlyForDeploymentPostprocessing = 0;
		};
/* End PBXSourcesBuildPhase section */

/* Begin PBXVariantGroup section */
		0B299D2726531DFC005A2B77 /* LaunchScreen.storyboard */ = {
			isa = PBXVariantGroup;
			children = (
				0B299D2826531DFC005A2B77 /* Base */,
			);
			name = LaunchScreen.storyboard;
			sourceTree = "<group>";
		};
		0FD7682526545CA800244C50 /* Barlow-Light.ttf */ = {
			isa = PBXVariantGroup;
			children = (
				0FD7682426545CA800244C50 /* Base */,
			);
			name = "Barlow-Light.ttf";
			sourceTree = "<group>";
		};
/* End PBXVariantGroup section */

/* Begin XCBuildConfiguration section */
		0B299D2B26531DFC005A2B77 /* Debug */ = {
			isa = XCBuildConfiguration;
			buildSettings = {
				ALWAYS_SEARCH_USER_PATHS = NO;
				CLANG_ANALYZER_NONNULL = YES;
				CLANG_ANALYZER_NUMBER_OBJECT_CONVERSION = YES_AGGRESSIVE;
				CLANG_CXX_LANGUAGE_STANDARD = "gnu++14";
				CLANG_CXX_LIBRARY = "libc++";
				CLANG_ENABLE_MODULES = YES;
				CLANG_ENABLE_OBJC_ARC = YES;
				CLANG_ENABLE_OBJC_WEAK = YES;
				CLANG_WARN_BLOCK_CAPTURE_AUTORELEASING = YES;
				CLANG_WARN_BOOL_CONVERSION = YES;
				CLANG_WARN_COMMA = YES;
				CLANG_WARN_CONSTANT_CONVERSION = YES;
				CLANG_WARN_DEPRECATED_OBJC_IMPLEMENTATIONS = YES;
				CLANG_WARN_DIRECT_OBJC_ISA_USAGE = YES_ERROR;
				CLANG_WARN_DOCUMENTATION_COMMENTS = YES;
				CLANG_WARN_EMPTY_BODY = YES;
				CLANG_WARN_ENUM_CONVERSION = YES;
				CLANG_WARN_INFINITE_RECURSION = YES;
				CLANG_WARN_INT_CONVERSION = YES;
				CLANG_WARN_NON_LITERAL_NULL_CONVERSION = YES;
				CLANG_WARN_OBJC_IMPLICIT_RETAIN_SELF = YES;
				CLANG_WARN_OBJC_LITERAL_CONVERSION = YES;
				CLANG_WARN_OBJC_ROOT_CLASS = YES_ERROR;
				CLANG_WARN_QUOTED_INCLUDE_IN_FRAMEWORK_HEADER = YES;
				CLANG_WARN_RANGE_LOOP_ANALYSIS = YES;
				CLANG_WARN_STRICT_PROTOTYPES = YES;
				CLANG_WARN_SUSPICIOUS_MOVE = YES;
				CLANG_WARN_UNGUARDED_AVAILABILITY = YES_AGGRESSIVE;
				CLANG_WARN_UNREACHABLE_CODE = YES;
				CLANG_WARN__DUPLICATE_METHOD_MATCH = YES;
				COPY_PHASE_STRIP = NO;
				DEBUG_INFORMATION_FORMAT = dwarf;
				ENABLE_STRICT_OBJC_MSGSEND = YES;
				ENABLE_TESTABILITY = YES;
				GCC_C_LANGUAGE_STANDARD = gnu11;
				GCC_DYNAMIC_NO_PIC = NO;
				GCC_NO_COMMON_BLOCKS = YES;
				GCC_OPTIMIZATION_LEVEL = 0;
				GCC_PREPROCESSOR_DEFINITIONS = (
					"DEBUG=1",
					"$(inherited)",
				);
				GCC_WARN_64_TO_32_BIT_CONVERSION = YES;
				GCC_WARN_ABOUT_RETURN_TYPE = YES_ERROR;
				GCC_WARN_UNDECLARED_SELECTOR = YES;
				GCC_WARN_UNINITIALIZED_AUTOS = YES_AGGRESSIVE;
				GCC_WARN_UNUSED_FUNCTION = YES;
				GCC_WARN_UNUSED_VARIABLE = YES;
				IPHONEOS_DEPLOYMENT_TARGET = 13.7;
				MTL_ENABLE_DEBUG_INFO = INCLUDE_SOURCE;
				MTL_FAST_MATH = YES;
				ONLY_ACTIVE_ARCH = YES;
				SDKROOT = iphoneos;
				SWIFT_ACTIVE_COMPILATION_CONDITIONS = DEBUG;
				SWIFT_OPTIMIZATION_LEVEL = "-Onone";
			};
			name = Debug;
		};
		0B299D2C26531DFC005A2B77 /* Release */ = {
			isa = XCBuildConfiguration;
			buildSettings = {
				ALWAYS_SEARCH_USER_PATHS = NO;
				CLANG_ANALYZER_NONNULL = YES;
				CLANG_ANALYZER_NUMBER_OBJECT_CONVERSION = YES_AGGRESSIVE;
				CLANG_CXX_LANGUAGE_STANDARD = "gnu++14";
				CLANG_CXX_LIBRARY = "libc++";
				CLANG_ENABLE_MODULES = YES;
				CLANG_ENABLE_OBJC_ARC = YES;
				CLANG_ENABLE_OBJC_WEAK = YES;
				CLANG_WARN_BLOCK_CAPTURE_AUTORELEASING = YES;
				CLANG_WARN_BOOL_CONVERSION = YES;
				CLANG_WARN_COMMA = YES;
				CLANG_WARN_CONSTANT_CONVERSION = YES;
				CLANG_WARN_DEPRECATED_OBJC_IMPLEMENTATIONS = YES;
				CLANG_WARN_DIRECT_OBJC_ISA_USAGE = YES_ERROR;
				CLANG_WARN_DOCUMENTATION_COMMENTS = YES;
				CLANG_WARN_EMPTY_BODY = YES;
				CLANG_WARN_ENUM_CONVERSION = YES;
				CLANG_WARN_INFINITE_RECURSION = YES;
				CLANG_WARN_INT_CONVERSION = YES;
				CLANG_WARN_NON_LITERAL_NULL_CONVERSION = YES;
				CLANG_WARN_OBJC_IMPLICIT_RETAIN_SELF = YES;
				CLANG_WARN_OBJC_LITERAL_CONVERSION = YES;
				CLANG_WARN_OBJC_ROOT_CLASS = YES_ERROR;
				CLANG_WARN_QUOTED_INCLUDE_IN_FRAMEWORK_HEADER = YES;
				CLANG_WARN_RANGE_LOOP_ANALYSIS = YES;
				CLANG_WARN_STRICT_PROTOTYPES = YES;
				CLANG_WARN_SUSPICIOUS_MOVE = YES;
				CLANG_WARN_UNGUARDED_AVAILABILITY = YES_AGGRESSIVE;
				CLANG_WARN_UNREACHABLE_CODE = YES;
				CLANG_WARN__DUPLICATE_METHOD_MATCH = YES;
				COPY_PHASE_STRIP = NO;
				DEBUG_INFORMATION_FORMAT = "dwarf-with-dsym";
				ENABLE_NS_ASSERTIONS = NO;
				ENABLE_STRICT_OBJC_MSGSEND = YES;
				GCC_C_LANGUAGE_STANDARD = gnu11;
				GCC_NO_COMMON_BLOCKS = YES;
				GCC_WARN_64_TO_32_BIT_CONVERSION = YES;
				GCC_WARN_ABOUT_RETURN_TYPE = YES_ERROR;
				GCC_WARN_UNDECLARED_SELECTOR = YES;
				GCC_WARN_UNINITIALIZED_AUTOS = YES_AGGRESSIVE;
				GCC_WARN_UNUSED_FUNCTION = YES;
				GCC_WARN_UNUSED_VARIABLE = YES;
				IPHONEOS_DEPLOYMENT_TARGET = 13.7;
				MTL_ENABLE_DEBUG_INFO = NO;
				MTL_FAST_MATH = YES;
				SDKROOT = iphoneos;
				SWIFT_COMPILATION_MODE = wholemodule;
				SWIFT_OPTIMIZATION_LEVEL = "-O";
				VALIDATE_PRODUCT = YES;
			};
			name = Release;
		};
		0B299D2E26531DFC005A2B77 /* Debug */ = {
			isa = XCBuildConfiguration;
			baseConfigurationReference = DBBDE8619D417BE1773B54E9 /* Pods-ARQUI_Hardcopi.debug.xcconfig */;
			buildSettings = {
				ASSETCATALOG_COMPILER_APPICON_NAME = AppIcon;
				ASSETCATALOG_COMPILER_GLOBAL_ACCENT_COLOR_NAME = AccentColor;
				CODE_SIGN_STYLE = Automatic;
				DEVELOPMENT_TEAM = PA9897MS8H;
				INFOPLIST_FILE = ARQUI_Hardcopi/Info.plist;
				IPHONEOS_DEPLOYMENT_TARGET = 13.7;
				LD_RUNPATH_SEARCH_PATHS = (
					"$(inherited)",
					"@executable_path/Frameworks",
				);
				PRODUCT_BUNDLE_IDENTIFIER = "com.appcoda.ARQUI-Hardcopi";
				PRODUCT_NAME = "$(TARGET_NAME)";
				SWIFT_VERSION = 5.0;
				TARGETED_DEVICE_FAMILY = "1,2";
			};
			name = Debug;
		};
		0B299D2F26531DFC005A2B77 /* Release */ = {
			isa = XCBuildConfiguration;
			baseConfigurationReference = B80AB5BB8B67C3B547D27A45 /* Pods-ARQUI_Hardcopi.release.xcconfig */;
			buildSettings = {
				ASSETCATALOG_COMPILER_APPICON_NAME = AppIcon;
				ASSETCATALOG_COMPILER_GLOBAL_ACCENT_COLOR_NAME = AccentColor;
				CODE_SIGN_STYLE = Automatic;
				DEVELOPMENT_TEAM = PA9897MS8H;
				INFOPLIST_FILE = ARQUI_Hardcopi/Info.plist;
				IPHONEOS_DEPLOYMENT_TARGET = 13.7;
				LD_RUNPATH_SEARCH_PATHS = (
					"$(inherited)",
					"@executable_path/Frameworks",
				);
				PRODUCT_BUNDLE_IDENTIFIER = "com.appcoda.ARQUI-Hardcopi";
				PRODUCT_NAME = "$(TARGET_NAME)";
				SWIFT_VERSION = 5.0;
				TARGETED_DEVICE_FAMILY = "1,2";
			};
			name = Release;
		};
/* End XCBuildConfiguration section */

/* Begin XCConfigurationList section */
		0B299D1426531DF7005A2B77 /* Build configuration list for PBXProject "ARQUI_Hardcopi" */ = {
			isa = XCConfigurationList;
			buildConfigurations = (
				0B299D2B26531DFC005A2B77 /* Debug */,
				0B299D2C26531DFC005A2B77 /* Release */,
			);
			defaultConfigurationIsVisible = 0;
			defaultConfigurationName = Release;
		};
		0B299D2D26531DFC005A2B77 /* Build configuration list for PBXNativeTarget "ARQUI_Hardcopi" */ = {
			isa = XCConfigurationList;
			buildConfigurations = (
				0B299D2E26531DFC005A2B77 /* Debug */,
				0B299D2F26531DFC005A2B77 /* Release */,
			);
			defaultConfigurationIsVisible = 0;
			defaultConfigurationName = Release;
		};
/* End XCConfigurationList section */
	};
	rootObject = 0B299D1126531DF7005A2B77 /* Project object */;
}
